<?xml version="1.0" encoding="UTF-8" standalone="yes" ?>
<CodeBlocks_project_file>
	<FileVersion major="1" minor="6" />
	<Project>
		<Option title="Timeless" />
		<Option pch_mode="2" />
		<Option compiler="gcc" />
		<Build>
			<Target title="Debug">
				<Option output="bin/Debug/Timeless" prefix_auto="1" extension_auto="1" />
				<Option object_output="obj/Debug/" />
				<Option type="1" />
				<Option compiler="gcc" />
				<Compiler>
					<Add option="-g" />
				</Compiler>
			</Target>
			<Target title="Release">
				<Option output="bin/Release/Timeless" prefix_auto="1" extension_auto="1" />
				<Option object_output="obj/Release/" />
				<Option type="1" />
				<Option compiler="gcc" />
				<Compiler>
					<Add option="-O1" />
				</Compiler>
				<Linker>
					<Add option="-s" />
				</Linker>
			</Target>
		</Build>
		<Compiler>
			<Add option="-Wextra" />
			<Add option="-Wall" />
		</Compiler>
		<Unit filename="source/command.c">
			<Option compilerVar="CC" />
		</Unit>
		<Unit filename="source/command.h" />
		<Unit filename="source/defines.h" />
		<Unit filename="source/errors.c">
			<Option compilerVar="CC" />
		</Unit>
		<Unit filename="source/errors.h" />
		<Unit filename="source/main.c">
			<Option compilerVar="CC" />
		</Unit>
		<Unit filename="source/map.c">
			<Option compilerVar="CC" />
		</Unit>
		<Unit filename="source/map.h" />
		<Unit filename="source/node.c">
			<Option compilerVar="CC" />
		</Unit>
		<Unit filename="source/node.h" />
		<Unit filename="source/structure.c">
			<Option compilerVar="CC" />
		</Unit>
		<Unit filename="source/structure.h" />
		<Unit filename="source/timeline.c">
			<Option compilerVar="CC" />
		</Unit>
		<Unit filename="source/timeline.h" />
		<Unit filename="source/timewave.c">
			<Option compilerVar="CC" />
		</Unit>
		<Unit filename="source/timewave.h" />
		<Unit filename="source/unit.c">
			<Option compilerVar="CC" />
		</Unit>
		<Unit filename="source/unit.h" />
		<Extensions>
			<DoxyBlocks>
				<comment_style block="0" line="0" />
				<doxyfile_project />
				<doxyfile_build />
				<doxyfile_warnings />
				<doxyfile_output />
				<doxyfile_dot />
				<general />
			</DoxyBlocks>
			<code_completion />
			<envvars />
			<debugger />
			<lib_finder disable_auto="1" />
		</Extensions>
	</Project>
</CodeBlocks_project_file>
